
Microsoft Visual Studio Solution File, Format Version 12.00
# Visual Studio 2013
VisualStudioVersion = 12.0.21005.1
MinimumVisualStudioVersion = 10.0.40219.1
Project("{FAE04EC0-301F-11D3-BF4B-00C04F79EFBC}") = "Adapteve", "Adapteve\Adapteve.csproj", "{829F0030-AD91-4034-B9FC-B1328E96F776}"
EndProject
Project("{FAE04EC0-301F-11D3-BF4B-00C04F79EFBC}") = "AdapteveDLL", "AdapteveDLL\AdapteveDLL.csproj", "{9AAA73C9-1C6D-4FD2-9318-AF4DACA493CF}"
EndProject
Global
	GlobalSection(SolutionConfigurationPlatforms) = preSolution
		Debug|Any CPU = Debug|Any CPU
		netfx3.5-Debug|Any CPU = netfx3.5-Debug|Any CPU
		netfx3.5-Release|Any CPU = netfx3.5-Release|Any CPU
		netfx4-Debug|Any CPU = netfx4-Debug|Any CPU
		netfx4-Release|Any CPU = netfx4-Release|Any CPU
		Release|Any CPU = Release|Any CPU
	EndGlobalSection
	GlobalSection(ProjectConfigurationPlatforms) = postSolution
		{829F0030-AD91-4034-B9FC-B1328E96F776}.Debug|Any CPU.ActiveCfg = Debug|Any CPU
		{829F0030-AD91-4034-B9FC-B1328E96F776}.Debug|Any CPU.Build.0 = Debug|Any CPU
		{829F0030-AD91-4034-B9FC-B1328E96F776}.netfx3.5-Debug|Any CPU.ActiveCfg = Debug|Any CPU
		{829F0030-AD91-4034-B9FC-B1328E96F776}.netfx3.5-Debug|Any CPU.Build.0 = Debug|Any CPU
		{829F0030-AD91-4034-B9FC-B1328E96F776}.netfx3.5-Release|Any CPU.ActiveCfg = Release|Any CPU
		{829F0030-AD91-4034-B9FC-B1328E96F776}.netfx3.5-Release|Any CPU.Build.0 = Release|Any CPU
		{829F0030-AD91-4034-B9FC-B1328E96F776}.netfx4-Debug|Any CPU.ActiveCfg = Debug|Any CPU
		{829F0030-AD91-4034-B9FC-B1328E96F776}.netfx4-Debug|Any CPU.Build.0 = Debug|Any CPU
		{829F0030-AD91-4034-B9FC-B1328E96F776}.netfx4-Release|Any CPU.ActiveCfg = Release|Any CPU
		{829F0030-AD91-4034-B9FC-B1328E96F776}.netfx4-Release|Any CPU.Build.0 = Release|Any CPU
		{829F0030-AD91-4034-B9FC-B1328E96F776}.Release|Any CPU.ActiveCfg = Release|Any CPU
		{829F0030-AD91-4034-B9FC-B1328E96F776}.Release|Any CPU.Build.0 = Release|Any CPU
		{9AAA73C9-1C6D-4FD2-9318-AF4DACA493CF}.Debug|Any CPU.ActiveCfg = Debug|Any CPU
		{9AAA73C9-1C6D-4FD2-9318-AF4DACA493CF}.Debug|Any CPU.Build.0 = Debug|Any CPU
		{9AAA73C9-1C6D-4FD2-9318-AF4DACA493CF}.netfx3.5-Debug|Any CPU.ActiveCfg = Debug|Any CPU
		{9AAA73C9-1C6D-4FD2-9318-AF4DACA493CF}.netfx3.5-Debug|Any CPU.Build.0 = Debug|Any CPU
		{9AAA73C9-1C6D-4FD2-9318-AF4DACA493CF}.netfx3.5-Release|Any CPU.ActiveCfg = Release|Any CPU
		{9AAA73C9-1C6D-4FD2-9318-AF4DACA493CF}.netfx3.5-Release|Any CPU.Build.0 = Release|Any CPU
		{9AAA73C9-1C6D-4FD2-9318-AF4DACA493CF}.netfx4-Debug|Any CPU.ActiveCfg = Debug|Any CPU
		{9AAA73C9-1C6D-4FD2-9318-AF4DACA493CF}.netfx4-Debug|Any CPU.Build.0 = Debug|Any CPU
		{9AAA73C9-1C6D-4FD2-9318-AF4DACA493CF}.netfx4-Release|Any CPU.ActiveCfg = Release|Any CPU
		{9AAA73C9-1C6D-4FD2-9318-AF4DACA493CF}.netfx4-Release|Any CPU.Build.0 = Release|Any CPU
		{9AAA73C9-1C6D-4FD2-9318-AF4DACA493CF}.Release|Any CPU.ActiveCfg = Release|Any CPU
		{9AAA73C9-1C6D-4FD2-9318-AF4DACA493CF}.Release|Any CPU.Build.0 = Release|Any CPU
	EndGlobalSection
	GlobalSection(SolutionProperties) = preSolution
		HideSolutionNode = FALSE
	EndGlobalSection
EndGlobal
