
Microsoft Visual Studio Solution File, Format Version 11.00
# Visual Studio 2010
Project("{FAE04EC0-301F-11D3-BF4B-00C04F79EFBC}") = "DirectEve", "DirectEve\DirectEve.csproj", "{E8585D05-804D-40EA-AE64-5DD4F3EC6E43}"
EndProject
Project("{FAE04EC0-301F-11D3-BF4B-00C04F79EFBC}") = "DirectEveTester", "DirectEveTester\DirectEveTester.csproj", "{4EE77D70-EA90-46CF-9067-63B9A1CE6873}"
EndProject
Project("{FAE04EC0-301F-11D3-BF4B-00C04F79EFBC}") = "PythonBrowser", "PythonBrowser\PythonBrowser.csproj", "{CC718EC0-DD1E-4357-94E7-2A26F05BF1CC}"
EndProject
Project("{FAE04EC0-301F-11D3-BF4B-00C04F79EFBC}") = "DirectEveTesterV2", "DirectEveTesterV2\DirectEveTesterV2.csproj", "{6CC96B66-3E5E-454A-9854-A8399FA31DA0}"
EndProject
Project("{FAE04EC0-301F-11D3-BF4B-00C04F79EFBC}") = "D3DDetour", "D3DDetour\D3DDetour.csproj", "{8224F5E1-93C7-450A-8F19-4BC86ABB13CB}"
EndProject
Project("{FAE04EC0-301F-11D3-BF4B-00C04F79EFBC}") = "DomainManager", "DomainManager\DomainManager.csproj", "{005DB097-1071-4953-AB23-A6C889F55E67}"
EndProject
Project("{FAE04EC0-301F-11D3-BF4B-00C04F79EFBC}") = "Injector", "Injector\Injector.csproj", "{E01B9141-8006-46D5-A76C-E80A8FC81CFC}"
EndProject
Project("{8BC9CEB8-8B4A-11D0-8D11-00A0C91BC942}") = "InjectorLib", "InjectorLib\InjectorLib.vcxproj", "{EEA7D95B-97F3-40E2-941C-0DC4F4598DE2}"
EndProject
Project("{FAE04EC0-301F-11D3-BF4B-00C04F79EFBC}") = "WhiteMagic", "WhiteMagic\WhiteMagic.csproj", "{5721FBA5-FE77-4727-8BFE-13CD23ECE36E}"
EndProject
Global
	GlobalSection(SolutionConfigurationPlatforms) = preSolution
		Debug|Any CPU = Debug|Any CPU
		Debug|Mixed Platforms = Debug|Mixed Platforms
		Debug|Win32 = Debug|Win32
		Debug|x86 = Debug|x86
		Release|Any CPU = Release|Any CPU
		Release|Mixed Platforms = Release|Mixed Platforms
		Release|Win32 = Release|Win32
		Release|x86 = Release|x86
	EndGlobalSection
	GlobalSection(ProjectConfigurationPlatforms) = postSolution
		{E8585D05-804D-40EA-AE64-5DD4F3EC6E43}.Debug|Any CPU.ActiveCfg = Debug|Any CPU
		{E8585D05-804D-40EA-AE64-5DD4F3EC6E43}.Debug|Any CPU.Build.0 = Debug|Any CPU
		{E8585D05-804D-40EA-AE64-5DD4F3EC6E43}.Debug|Mixed Platforms.ActiveCfg = Debug|Any CPU
		{E8585D05-804D-40EA-AE64-5DD4F3EC6E43}.Debug|Mixed Platforms.Build.0 = Debug|Any CPU
		{E8585D05-804D-40EA-AE64-5DD4F3EC6E43}.Debug|Win32.ActiveCfg = Debug|Any CPU
		{E8585D05-804D-40EA-AE64-5DD4F3EC6E43}.Debug|x86.ActiveCfg = Debug|Any CPU
		{E8585D05-804D-40EA-AE64-5DD4F3EC6E43}.Release|Any CPU.ActiveCfg = Release|Any CPU
		{E8585D05-804D-40EA-AE64-5DD4F3EC6E43}.Release|Any CPU.Build.0 = Release|Any CPU
		{E8585D05-804D-40EA-AE64-5DD4F3EC6E43}.Release|Mixed Platforms.ActiveCfg = Release|Any CPU
		{E8585D05-804D-40EA-AE64-5DD4F3EC6E43}.Release|Mixed Platforms.Build.0 = Release|Any CPU
		{E8585D05-804D-40EA-AE64-5DD4F3EC6E43}.Release|Win32.ActiveCfg = Release|Any CPU
		{E8585D05-804D-40EA-AE64-5DD4F3EC6E43}.Release|x86.ActiveCfg = Release|Any CPU
		{4EE77D70-EA90-46CF-9067-63B9A1CE6873}.Debug|Any CPU.ActiveCfg = Debug|x86
		{4EE77D70-EA90-46CF-9067-63B9A1CE6873}.Debug|Mixed Platforms.ActiveCfg = Debug|x86
		{4EE77D70-EA90-46CF-9067-63B9A1CE6873}.Debug|Mixed Platforms.Build.0 = Debug|x86
		{4EE77D70-EA90-46CF-9067-63B9A1CE6873}.Debug|Win32.ActiveCfg = Debug|x86
		{4EE77D70-EA90-46CF-9067-63B9A1CE6873}.Debug|x86.ActiveCfg = Debug|x86
		{4EE77D70-EA90-46CF-9067-63B9A1CE6873}.Debug|x86.Build.0 = Debug|x86
		{4EE77D70-EA90-46CF-9067-63B9A1CE6873}.Release|Any CPU.ActiveCfg = Release|x86
		{4EE77D70-EA90-46CF-9067-63B9A1CE6873}.Release|Mixed Platforms.ActiveCfg = Release|x86
		{4EE77D70-EA90-46CF-9067-63B9A1CE6873}.Release|Mixed Platforms.Build.0 = Release|x86
		{4EE77D70-EA90-46CF-9067-63B9A1CE6873}.Release|Win32.ActiveCfg = Release|x86
		{4EE77D70-EA90-46CF-9067-63B9A1CE6873}.Release|x86.ActiveCfg = Release|x86
		{4EE77D70-EA90-46CF-9067-63B9A1CE6873}.Release|x86.Build.0 = Release|x86
		{CC718EC0-DD1E-4357-94E7-2A26F05BF1CC}.Debug|Any CPU.ActiveCfg = Debug|x86
		{CC718EC0-DD1E-4357-94E7-2A26F05BF1CC}.Debug|Mixed Platforms.ActiveCfg = Debug|x86
		{CC718EC0-DD1E-4357-94E7-2A26F05BF1CC}.Debug|Mixed Platforms.Build.0 = Debug|x86
		{CC718EC0-DD1E-4357-94E7-2A26F05BF1CC}.Debug|Win32.ActiveCfg = Debug|x86
		{CC718EC0-DD1E-4357-94E7-2A26F05BF1CC}.Debug|x86.ActiveCfg = Debug|x86
		{CC718EC0-DD1E-4357-94E7-2A26F05BF1CC}.Debug|x86.Build.0 = Debug|x86
		{CC718EC0-DD1E-4357-94E7-2A26F05BF1CC}.Release|Any CPU.ActiveCfg = Release|x86
		{CC718EC0-DD1E-4357-94E7-2A26F05BF1CC}.Release|Mixed Platforms.ActiveCfg = Release|x86
		{CC718EC0-DD1E-4357-94E7-2A26F05BF1CC}.Release|Mixed Platforms.Build.0 = Release|x86
		{CC718EC0-DD1E-4357-94E7-2A26F05BF1CC}.Release|Win32.ActiveCfg = Release|x86
		{CC718EC0-DD1E-4357-94E7-2A26F05BF1CC}.Release|x86.ActiveCfg = Release|x86
		{CC718EC0-DD1E-4357-94E7-2A26F05BF1CC}.Release|x86.Build.0 = Release|x86
		{6CC96B66-3E5E-454A-9854-A8399FA31DA0}.Debug|Any CPU.ActiveCfg = Debug|x86
		{6CC96B66-3E5E-454A-9854-A8399FA31DA0}.Debug|Mixed Platforms.ActiveCfg = Debug|x86
		{6CC96B66-3E5E-454A-9854-A8399FA31DA0}.Debug|Mixed Platforms.Build.0 = Debug|x86
		{6CC96B66-3E5E-454A-9854-A8399FA31DA0}.Debug|Win32.ActiveCfg = Debug|x86
		{6CC96B66-3E5E-454A-9854-A8399FA31DA0}.Debug|x86.ActiveCfg = Debug|x86
		{6CC96B66-3E5E-454A-9854-A8399FA31DA0}.Debug|x86.Build.0 = Debug|x86
		{6CC96B66-3E5E-454A-9854-A8399FA31DA0}.Release|Any CPU.ActiveCfg = Release|x86
		{6CC96B66-3E5E-454A-9854-A8399FA31DA0}.Release|Mixed Platforms.ActiveCfg = Release|x86
		{6CC96B66-3E5E-454A-9854-A8399FA31DA0}.Release|Mixed Platforms.Build.0 = Release|x86
		{6CC96B66-3E5E-454A-9854-A8399FA31DA0}.Release|Win32.ActiveCfg = Release|x86
		{6CC96B66-3E5E-454A-9854-A8399FA31DA0}.Release|x86.ActiveCfg = Release|x86
		{6CC96B66-3E5E-454A-9854-A8399FA31DA0}.Release|x86.Build.0 = Release|x86
		{8224F5E1-93C7-450A-8F19-4BC86ABB13CB}.Debug|Any CPU.ActiveCfg = Debug|x86
		{8224F5E1-93C7-450A-8F19-4BC86ABB13CB}.Debug|Mixed Platforms.ActiveCfg = Debug|x86
		{8224F5E1-93C7-450A-8F19-4BC86ABB13CB}.Debug|Mixed Platforms.Build.0 = Debug|x86
		{8224F5E1-93C7-450A-8F19-4BC86ABB13CB}.Debug|Win32.ActiveCfg = Debug|x86
		{8224F5E1-93C7-450A-8F19-4BC86ABB13CB}.Debug|x86.ActiveCfg = Debug|x86
		{8224F5E1-93C7-450A-8F19-4BC86ABB13CB}.Debug|x86.Build.0 = Debug|x86
		{8224F5E1-93C7-450A-8F19-4BC86ABB13CB}.Release|Any CPU.ActiveCfg = Release|x86
		{8224F5E1-93C7-450A-8F19-4BC86ABB13CB}.Release|Mixed Platforms.ActiveCfg = Release|x86
		{8224F5E1-93C7-450A-8F19-4BC86ABB13CB}.Release|Mixed Platforms.Build.0 = Release|x86
		{8224F5E1-93C7-450A-8F19-4BC86ABB13CB}.Release|Win32.ActiveCfg = Release|x86
		{8224F5E1-93C7-450A-8F19-4BC86ABB13CB}.Release|x86.ActiveCfg = Release|x86
		{8224F5E1-93C7-450A-8F19-4BC86ABB13CB}.Release|x86.Build.0 = Release|x86
		{005DB097-1071-4953-AB23-A6C889F55E67}.Debug|Any CPU.ActiveCfg = Debug|Any CPU
		{005DB097-1071-4953-AB23-A6C889F55E67}.Debug|Any CPU.Build.0 = Debug|Any CPU
		{005DB097-1071-4953-AB23-A6C889F55E67}.Debug|Mixed Platforms.ActiveCfg = Debug|Any CPU
		{005DB097-1071-4953-AB23-A6C889F55E67}.Debug|Mixed Platforms.Build.0 = Debug|Any CPU
		{005DB097-1071-4953-AB23-A6C889F55E67}.Debug|Win32.ActiveCfg = Debug|Any CPU
		{005DB097-1071-4953-AB23-A6C889F55E67}.Debug|x86.ActiveCfg = Debug|Any CPU
		{005DB097-1071-4953-AB23-A6C889F55E67}.Release|Any CPU.ActiveCfg = Release|Any CPU
		{005DB097-1071-4953-AB23-A6C889F55E67}.Release|Any CPU.Build.0 = Release|Any CPU
		{005DB097-1071-4953-AB23-A6C889F55E67}.Release|Mixed Platforms.ActiveCfg = Release|Any CPU
		{005DB097-1071-4953-AB23-A6C889F55E67}.Release|Mixed Platforms.Build.0 = Release|Any CPU
		{005DB097-1071-4953-AB23-A6C889F55E67}.Release|Win32.ActiveCfg = Release|Any CPU
		{005DB097-1071-4953-AB23-A6C889F55E67}.Release|x86.ActiveCfg = Release|Any CPU
		{E01B9141-8006-46D5-A76C-E80A8FC81CFC}.Debug|Any CPU.ActiveCfg = Debug|x86
		{E01B9141-8006-46D5-A76C-E80A8FC81CFC}.Debug|Mixed Platforms.ActiveCfg = Debug|x86
		{E01B9141-8006-46D5-A76C-E80A8FC81CFC}.Debug|Mixed Platforms.Build.0 = Debug|x86
		{E01B9141-8006-46D5-A76C-E80A8FC81CFC}.Debug|Win32.ActiveCfg = Debug|x86
		{E01B9141-8006-46D5-A76C-E80A8FC81CFC}.Debug|x86.ActiveCfg = Debug|x86
		{E01B9141-8006-46D5-A76C-E80A8FC81CFC}.Debug|x86.Build.0 = Debug|x86
		{E01B9141-8006-46D5-A76C-E80A8FC81CFC}.Release|Any CPU.ActiveCfg = Release|x86
		{E01B9141-8006-46D5-A76C-E80A8FC81CFC}.Release|Mixed Platforms.ActiveCfg = Release|x86
		{E01B9141-8006-46D5-A76C-E80A8FC81CFC}.Release|Mixed Platforms.Build.0 = Release|x86
		{E01B9141-8006-46D5-A76C-E80A8FC81CFC}.Release|Win32.ActiveCfg = Release|x86
		{E01B9141-8006-46D5-A76C-E80A8FC81CFC}.Release|x86.ActiveCfg = Release|x86
		{E01B9141-8006-46D5-A76C-E80A8FC81CFC}.Release|x86.Build.0 = Release|x86
		{EEA7D95B-97F3-40E2-941C-0DC4F4598DE2}.Debug|Any CPU.ActiveCfg = Debug|Win32
		{EEA7D95B-97F3-40E2-941C-0DC4F4598DE2}.Debug|Mixed Platforms.ActiveCfg = Debug|Win32
		{EEA7D95B-97F3-40E2-941C-0DC4F4598DE2}.Debug|Mixed Platforms.Build.0 = Debug|Win32
		{EEA7D95B-97F3-40E2-941C-0DC4F4598DE2}.Debug|Win32.ActiveCfg = Debug|Win32
		{EEA7D95B-97F3-40E2-941C-0DC4F4598DE2}.Debug|Win32.Build.0 = Debug|Win32
		{EEA7D95B-97F3-40E2-941C-0DC4F4598DE2}.Debug|x86.ActiveCfg = Debug|Win32
		{EEA7D95B-97F3-40E2-941C-0DC4F4598DE2}.Release|Any CPU.ActiveCfg = Release|Win32
		{EEA7D95B-97F3-40E2-941C-0DC4F4598DE2}.Release|Mixed Platforms.ActiveCfg = Release|Win32
		{EEA7D95B-97F3-40E2-941C-0DC4F4598DE2}.Release|Mixed Platforms.Build.0 = Release|Win32
		{EEA7D95B-97F3-40E2-941C-0DC4F4598DE2}.Release|Win32.ActiveCfg = Release|Win32
		{EEA7D95B-97F3-40E2-941C-0DC4F4598DE2}.Release|Win32.Build.0 = Release|Win32
		{EEA7D95B-97F3-40E2-941C-0DC4F4598DE2}.Release|x86.ActiveCfg = Release|Win32
		{5721FBA5-FE77-4727-8BFE-13CD23ECE36E}.Debug|Any CPU.ActiveCfg = Debug|Any CPU
		{5721FBA5-FE77-4727-8BFE-13CD23ECE36E}.Debug|Any CPU.Build.0 = Debug|Any CPU
		{5721FBA5-FE77-4727-8BFE-13CD23ECE36E}.Debug|Mixed Platforms.ActiveCfg = Debug|Any CPU
		{5721FBA5-FE77-4727-8BFE-13CD23ECE36E}.Debug|Mixed Platforms.Build.0 = Debug|Any CPU
		{5721FBA5-FE77-4727-8BFE-13CD23ECE36E}.Debug|Win32.ActiveCfg = Debug|Any CPU
		{5721FBA5-FE77-4727-8BFE-13CD23ECE36E}.Debug|x86.ActiveCfg = Debug|Any CPU
		{5721FBA5-FE77-4727-8BFE-13CD23ECE36E}.Release|Any CPU.ActiveCfg = Release|Any CPU
		{5721FBA5-FE77-4727-8BFE-13CD23ECE36E}.Release|Any CPU.Build.0 = Release|Any CPU
		{5721FBA5-FE77-4727-8BFE-13CD23ECE36E}.Release|Mixed Platforms.ActiveCfg = Release|Any CPU
		{5721FBA5-FE77-4727-8BFE-13CD23ECE36E}.Release|Mixed Platforms.Build.0 = Release|Any CPU
		{5721FBA5-FE77-4727-8BFE-13CD23ECE36E}.Release|Win32.ActiveCfg = Release|Any CPU
		{5721FBA5-FE77-4727-8BFE-13CD23ECE36E}.Release|x86.ActiveCfg = Release|Any CPU
	EndGlobalSection
	GlobalSection(SolutionProperties) = preSolution
		HideSolutionNode = FALSE
	EndGlobalSection
EndGlobal
